
Microsoft Visual Studio Solution File, Format Version 12.00
# Visual Studio 15
VisualStudioVersion = 15.0.27428.2005
MinimumVisualStudioVersion = 10.0.40219.1
Project("{FAE04EC0-301F-11D3-BF4B-00C04F79EFBC}") = "Agent", "src\Agent\Agent.csproj", "{C9AD18FA-9C9B-4A53-8451-A1A739D91255}"
EndProject
Project("{FAE04EC0-301F-11D3-BF4B-00C04F79EFBC}") = "Coordinator", "src\Coordinator\Coordinator.csproj", "{3EFCCC7E-BB14-4482-BE17-285C4F3BEEFF}"
EndProject
Project("{FAE04EC0-301F-11D3-BF4B-00C04F79EFBC}") = "Dispatcher", "src\Dispatcher\Dispatcher.csproj", "{025BAD47-D332-409D-A16B-B0DFF14D00A1}"
EndProject
Project("{FAE04EC0-301F-11D3-BF4B-00C04F79EFBC}") = "Distributed.Dispatcher", "src\Distributed.Dispatcher\Distributed.Dispatcher.csproj", "{4A9EC2D0-9690-442C-AE03-92AAB90F5419}"
EndProject
Project("{FAE04EC0-301F-11D3-BF4B-00C04F79EFBC}") = "Distributed.Agent", "src\Distributed.Agent\Distributed.Agent.csproj", "{6F6E09DA-5D38-4A8E-8BBD-2A239CE4EE7C}"
EndProject
Project("{2150E333-8FDC-42A3-9474-1A3956D46DE8}") = "Mock", "Mock", "{3D68DF16-0416-444A-98BE-9675A6F11E3B}"
EndProject
Project("{2150E333-8FDC-42A3-9474-1A3956D46DE8}") = "Distributed", "Distributed", "{C4009ECD-9AC8-4816-91B5-0DBC0A84EE0C}"
EndProject
Project("{FAE04EC0-301F-11D3-BF4B-00C04F79EFBC}") = "Distributed.Coordinator", "src\Distributed.Coordinator\Distributed.Coordinator.csproj", "{BA2F31EF-3C81-46D6-9B1F-B22307A8F164}"
EndProject
Project("{FAE04EC0-301F-11D3-BF4B-00C04F79EFBC}") = "Distributed.Internal", "src\Distributed.Internal\Distributed.Internal.csproj", "{BC94820B-3141-4CA5-9630-B0B41D09EB55}"
EndProject
Project("{FAE04EC0-301F-11D3-BF4B-00C04F79EFBC}") = "Distributed.Core", "src\Distributed.Core\Distributed.Core.csproj", "{18374890-8837-410A-8FF8-380983574929}"
EndProject
Global
	GlobalSection(SolutionConfigurationPlatforms) = preSolution
		Debug|Any CPU = Debug|Any CPU
		Release|Any CPU = Release|Any CPU
	EndGlobalSection
	GlobalSection(ProjectConfigurationPlatforms) = postSolution
		{C9AD18FA-9C9B-4A53-8451-A1A739D91255}.Debug|Any CPU.ActiveCfg = Debug|Any CPU
		{C9AD18FA-9C9B-4A53-8451-A1A739D91255}.Debug|Any CPU.Build.0 = Debug|Any CPU
		{C9AD18FA-9C9B-4A53-8451-A1A739D91255}.Release|Any CPU.ActiveCfg = Release|Any CPU
		{C9AD18FA-9C9B-4A53-8451-A1A739D91255}.Release|Any CPU.Build.0 = Release|Any CPU
		{3EFCCC7E-BB14-4482-BE17-285C4F3BEEFF}.Debug|Any CPU.ActiveCfg = Debug|Any CPU
		{3EFCCC7E-BB14-4482-BE17-285C4F3BEEFF}.Debug|Any CPU.Build.0 = Debug|Any CPU
		{3EFCCC7E-BB14-4482-BE17-285C4F3BEEFF}.Release|Any CPU.ActiveCfg = Release|Any CPU
		{3EFCCC7E-BB14-4482-BE17-285C4F3BEEFF}.Release|Any CPU.Build.0 = Release|Any CPU
		{025BAD47-D332-409D-A16B-B0DFF14D00A1}.Debug|Any CPU.ActiveCfg = Debug|Any CPU
		{025BAD47-D332-409D-A16B-B0DFF14D00A1}.Debug|Any CPU.Build.0 = Debug|Any CPU
		{025BAD47-D332-409D-A16B-B0DFF14D00A1}.Release|Any CPU.ActiveCfg = Release|Any CPU
		{025BAD47-D332-409D-A16B-B0DFF14D00A1}.Release|Any CPU.Build.0 = Release|Any CPU
		{4A9EC2D0-9690-442C-AE03-92AAB90F5419}.Debug|Any CPU.ActiveCfg = Debug|Any CPU
		{4A9EC2D0-9690-442C-AE03-92AAB90F5419}.Debug|Any CPU.Build.0 = Debug|Any CPU
		{4A9EC2D0-9690-442C-AE03-92AAB90F5419}.Release|Any CPU.ActiveCfg = Release|Any CPU
		{4A9EC2D0-9690-442C-AE03-92AAB90F5419}.Release|Any CPU.Build.0 = Release|Any CPU
		{6F6E09DA-5D38-4A8E-8BBD-2A239CE4EE7C}.Debug|Any CPU.ActiveCfg = Debug|Any CPU
		{6F6E09DA-5D38-4A8E-8BBD-2A239CE4EE7C}.Debug|Any CPU.Build.0 = Debug|Any CPU
		{6F6E09DA-5D38-4A8E-8BBD-2A239CE4EE7C}.Release|Any CPU.ActiveCfg = Release|Any CPU
		{6F6E09DA-5D38-4A8E-8BBD-2A239CE4EE7C}.Release|Any CPU.Build.0 = Release|Any CPU
		{BA2F31EF-3C81-46D6-9B1F-B22307A8F164}.Debug|Any CPU.ActiveCfg = Debug|Any CPU
		{BA2F31EF-3C81-46D6-9B1F-B22307A8F164}.Debug|Any CPU.Build.0 = Debug|Any CPU
		{BA2F31EF-3C81-46D6-9B1F-B22307A8F164}.Release|Any CPU.ActiveCfg = Release|Any CPU
		{BA2F31EF-3C81-46D6-9B1F-B22307A8F164}.Release|Any CPU.Build.0 = Release|Any CPU
		{BC94820B-3141-4CA5-9630-B0B41D09EB55}.Debug|Any CPU.ActiveCfg = Debug|Any CPU
		{BC94820B-3141-4CA5-9630-B0B41D09EB55}.Debug|Any CPU.Build.0 = Debug|Any CPU
		{BC94820B-3141-4CA5-9630-B0B41D09EB55}.Release|Any CPU.ActiveCfg = Release|Any CPU
		{BC94820B-3141-4CA5-9630-B0B41D09EB55}.Release|Any CPU.Build.0 = Release|Any CPU
		{18374890-8837-410A-8FF8-380983574929}.Debug|Any CPU.ActiveCfg = Debug|Any CPU
		{18374890-8837-410A-8FF8-380983574929}.Debug|Any CPU.Build.0 = Debug|Any CPU
		{18374890-8837-410A-8FF8-380983574929}.Release|Any CPU.ActiveCfg = Release|Any CPU
		{18374890-8837-410A-8FF8-380983574929}.Release|Any CPU.Build.0 = Release|Any CPU
	EndGlobalSection
	GlobalSection(SolutionProperties) = preSolution
		HideSolutionNode = FALSE
	EndGlobalSection
	GlobalSection(NestedProjects) = preSolution
		{C9AD18FA-9C9B-4A53-8451-A1A739D91255} = {3D68DF16-0416-444A-98BE-9675A6F11E3B}
		{3EFCCC7E-BB14-4482-BE17-285C4F3BEEFF} = {3D68DF16-0416-444A-98BE-9675A6F11E3B}
		{025BAD47-D332-409D-A16B-B0DFF14D00A1} = {3D68DF16-0416-444A-98BE-9675A6F11E3B}
		{4A9EC2D0-9690-442C-AE03-92AAB90F5419} = {C4009ECD-9AC8-4816-91B5-0DBC0A84EE0C}
		{6F6E09DA-5D38-4A8E-8BBD-2A239CE4EE7C} = {C4009ECD-9AC8-4816-91B5-0DBC0A84EE0C}
		{BA2F31EF-3C81-46D6-9B1F-B22307A8F164} = {C4009ECD-9AC8-4816-91B5-0DBC0A84EE0C}
		{BC94820B-3141-4CA5-9630-B0B41D09EB55} = {C4009ECD-9AC8-4816-91B5-0DBC0A84EE0C}
		{18374890-8837-410A-8FF8-380983574929} = {C4009ECD-9AC8-4816-91B5-0DBC0A84EE0C}
	EndGlobalSection
	GlobalSection(ExtensibilityGlobals) = postSolution
		SolutionGuid = {491493BA-2D83-4A5C-AEE9-4F522EFD8392}
	EndGlobalSection
EndGlobal
